
Microsoft Visual Studio Solution File, Format Version 12.00
# Visual Studio Version 16
VisualStudioVersion = 16.0.31702.278
MinimumVisualStudioVersion = 10.0.40219.1
Project("{FAE04EC0-301F-11D3-BF4B-00C04F79EFBC}") = "DomZdravljaCL", "DomZdravljaCL.csproj", "{2FFC6E5B-29E3-4B51-A937-EAAAB8718DAA}"
EndProject
Global
	GlobalSection(SolutionConfigurationPlatforms) = preSolution
		Debug|Any CPU = Debug|Any CPU
		Release|Any CPU = Release|Any CPU
	EndGlobalSection
	GlobalSection(ProjectConfigurationPlatforms) = postSolution
		{2FFC6E5B-29E3-4B51-A937-EAAAB8718DAA}.Debug|Any CPU.ActiveCfg = Debug|Any CPU
		{2FFC6E5B-29E3-4B51-A937-EAAAB8718DAA}.Debug|Any CPU.Build.0 = Debug|Any CPU
		{2FFC6E5B-29E3-4B51-A937-EAAAB8718DAA}.Release|Any CPU.ActiveCfg = Release|Any CPU
		{2FFC6E5B-29E3-4B51-A937-EAAAB8718DAA}.Release|Any CPU.Build.0 = Release|Any CPU
	EndGlobalSection
	GlobalSection(SolutionProperties) = preSolution
		HideSolutionNode = FALSE
	EndGlobalSection
	GlobalSection(ExtensibilityGlobals) = postSolution
		SolutionGuid = {17D7A2AF-5695-4274-96C1-81193FA153DF}
	EndGlobalSection
EndGlobal
